go4.org v0.0.0-20200104003542-c7e774b10ea0 h1:M6XsnQeLwG+rHQ+/rrGh3puBI3WZEy9TBWmf2H+enQA=
go4.org v0.0.0-20200104003542-c7e774b10ea0/go.mod h1:MkTOUMDaeVYJUOUsaDXIhWPZYa1yOyC1qaOBpL57BhE=
golang.org/x/crypto v0.0.0-20200117160349-530e935923ad h1:Jh8cai0fqIK+f6nG0UgPW5wFk8wmiMhM3AyciDBdtQg=
golang.org/x/crypto v0.0.0-20200117160349-530e935923ad/go.mod h1:LzIPMQfyMNhhGPhUkYOs5KpL4U8rLKemX1yGLhDgUto=
golang.org/x/net v0.0.0-20161006035005-2a824cf92260 h1:KMpBWBYSiWoFHfR4p4JyarPz6NikgJ1QLhagsUndIH0=
golang.org/x/net v0.0.0-20161006035005-2a824cf92260/go.mod h1:mL1N/T3taQHkDXs73rZJwtUhF3w3ftmwwsq0BUmARs4=
golang.org/x/sys v0.0.0-20190412213103-97732733099d h1:+R4KGOnez64A81RvjARKc4UT5/tI9ujCIVX+P5KiHuI=
golang.org/x/sys v0.0.0-20190412213103-97732733099d/go.mod h1:h1NjWce9XRLGQEsW7wpKNCjG9DtNlClVuFLEZdDNbEs=
